{
  "version": 4,
  "terraform_version": "1.0.11",
  "serial": 23,
  "lineage": "a6c3b316-8485-7e04-ce00-901ff0f54ad9",
  "outputs": {},
  "resources": [
    {
      "mode": "managed",
      "type": "aws_instance",
      "name": "Apache",
      "provider": "provider[\"registry.terraform.io/hashicorp/aws\"]",
      "instances": [
        {
          "schema_version": 1,
          "attributes": {
            "ami": "ami-052cef05d01020f1d",
            "arn": "arn:aws:ec2:ap-south-1:151439720941:instance/i-0eb147ccca7405fc2",
            "associate_public_ip_address": true,
            "availability_zone": "ap-south-1a",
            "capacity_reservation_specification": [
              {
                "capacity_reservation_preference": "open",
                "capacity_reservation_target": []
              }
            ],
            "cpu_core_count": 1,
            "cpu_threads_per_core": 1,
            "credit_specification": [
              {
                "cpu_credits": "standard"
              }
            ],
            "disable_api_termination": false,
            "ebs_block_device": [],
            "ebs_optimized": false,
            "enclave_options": [
              {
                "enabled": false
              }
            ],
            "ephemeral_block_device": [],
            "get_password_data": false,
            "hibernation": false,
            "host_id": null,
            "iam_instance_profile": "",
            "id": "i-0eb147ccca7405fc2",
            "instance_initiated_shutdown_behavior": "stop",
            "instance_state": "running",
            "instance_type": "t2.micro",
            "ipv6_address_count": 0,
            "ipv6_addresses": [],
            "key_name": "Apache",
            "launch_template": [],
            "metadata_options": [
              {
                "http_endpoint": "enabled",
                "http_put_response_hop_limit": 1,
                "http_tokens": "optional"
              }
            ],
            "monitoring": false,
            "network_interface": [],
            "outpost_arn": "",
            "password_data": "",
            "placement_group": "",
            "placement_partition_number": null,
            "primary_network_interface_id": "eni-0dec80de4abe4b0d7",
            "private_dns": "ip-172-31-36-234.ap-south-1.compute.internal",
            "private_ip": "172.31.36.234",
            "public_dns": "ec2-15-206-122-117.ap-south-1.compute.amazonaws.com",
            "public_ip": "15.206.122.117",
            "root_block_device": [
              {
                "delete_on_termination": true,
                "device_name": "/dev/xvda",
                "encrypted": false,
                "iops": 100,
                "kms_key_id": "",
                "tags": {},
                "throughput": 0,
                "volume_id": "vol-0731667905a4facd2",
                "volume_size": 8,
                "volume_type": "gp2"
              }
            ],
            "secondary_private_ips": [],
            "security_groups": [
              "default"
            ],
            "source_dest_check": true,
            "subnet_id": "subnet-001d8403af1f1d412",
            "tags": {
              "name": "Apache-keypair"
            },
            "tags_all": {
              "name": "Apache-keypair"
            },
            "tenancy": "default",
            "timeouts": null,
            "user_data": null,
            "user_data_base64": null,
            "volume_tags": null,
            "vpc_security_group_ids": [
              "sg-0b9998c31f5331105"
            ]
          },
          "sensitive_attributes": [],
          "private": "eyJlMmJmYjczMC1lY2FhLTExZTYtOGY4OC0zNDM2M2JjN2M0YzAiOnsiY3JlYXRlIjo2MDAwMDAwMDAwMDAsImRlbGV0ZSI6MTIwMDAwMDAwMDAwMCwidXBkYXRlIjo2MDAwMDAwMDAwMDB9LCJzY2hlbWFfdmVyc2lvbiI6IjEifQ=="
        }
      ]
    },
    {
      "mode": "managed",
      "type": "tls_private_key",
      "name": "this",
      "provider": "provider[\"registry.terraform.io/hashicorp/tls\"]",
      "instances": [
        {
          "schema_version": 0,
          "attributes": {
            "algorithm": "RSA",
            "ecdsa_curve": "P224",
            "id": "8a77c413ce5482eedac18af7d1b171999fd50028",
            "private_key_pem": "-----BEGIN RSA PRIVATE KEY-----\nMIIEpAIBAAKCAQEAy3sfpTVtjXyxno/Lxo3PJM85+sFwCsGLSEDqYf4J/h8uyKR4\nu07Gb9qdQPfTVZ5esfpDgIsrmT0UsdUYlIWSg8A7Oo6uu6GyiZPT4KhnkjWTW6vJ\nlGTtjYorvZIWMmt6+wb4KOac89UaIk6zDqqJY+94izLjCDyfdH3H0yPekwstcBtK\ngffFXiXF+vkVeMQsNY1wlBTvPZCS2p2JhwCqafQjeTh83GbG2lek8S2uvCwNorsK\nH47hjSwijGT4AzkrOcvOx/xOQqJ4QsEZWakHt2dJWh5dLXF+bIoBONDBerQqi8+k\nti8D1chnxLb/j19+tYE+msMTWiNuTr2kbY6ILQIDAQABAoIBAC97arYFkqvqhhQn\nH/kUTFsdlD0EeJ257kONCmSVgEVxh1xArP+gcUPWss1fR0x6aUSEzs2nLCRVEYgx\n3suBo9/ksq2GcBXOtLfP7ChHg+ulXt6MZryfFKPrsytIdK+NTyRWyv/YWJW5i6Cn\n1ra8atUMI4fv9vSMGPV5CHEntJ+BGGZ8d24P2uEpVJWfXTeN5Z67euEDnEZ1OARw\n3y3v/o/9Mxy/LyfOTuu2xhmXreLG0n+Q7YyWtCEOWmVrbuKQumNGp6xMwz6cP6cM\naHVSp0kL0hjY/gS0B7hqWP02H236YS1h4JT+eMpcDAp69eGjcATJeYv/g9Yk4+sJ\nc3rwZu0CgYEA9g3jttDQzANwPkFm6F9pOJovyI3G2Ds5xdPy+2wPdyTevqlyW4kK\nTqqf6ddXEcbm4I9bGmHaJXvSJNBMLwQuf0XNbv5icrFR0IohTA2/zQg35MWTvmtr\nZ9s+vf20bBBuUQb6rXMvSOoMWfgv2ZQbEPX1kOdSbVcla/hbzXPQ5D8CgYEA07Sy\nHOGxS4d3rmk89QXATrXhPJ1SgRqnT5FbO2oVolrMhjVLkFfoGYozaCIHGZgaHfQH\n6tPhwJu2tGbpUrJp9GtL8lxml3bf9Y5FlVLSmo65oHaxcRSVRbc94X7Jj9oHueKF\n42CLKJohn6Saj3K/9OJJ+DweV5vUgqpCMW4miJMCgYAjPTYBtsJQlaV7pQ5B9Xgy\nXRK+3F9AFKtfg81m6MEGRUeJcucn6OaLAbDJYsfbiesC+kUH8D+34pXkI9jlWun1\n3F9hqBkdZ/vZrA68v7Naf/TRVOKmAOhvBV1lBHLUjz3daOx57uc0wCBoujzQIoAF\n29QBnr+VXUfEwNsU/6NJLQKBgQCojUrpt78ClV5yHBOOOP/9Ks2jBtZzN5dRwDbU\nvQdwdb40dCYvS+3ct61qEP16ISFaC7pp+jvYr6DtTKojTy0QjoSu92Yu3VQ+GwHH\ne2N17oBYA2gO0gZutQ+tgtZTk5FnK7TRbUIeF2kBw3nTD9dIzwl5e9PkiIrPZWLC\nHCLNxQKBgQCzgHNjHqMt5tvWhjTHDSyMRwI4NmSWaWOep1upv1p2fcrdcdjyKQQW\n+d4emP2OleQD8aruiKgla8/TtiTzv++A2W2pJFt6wmrlQzSUPWC90bqO2VIEaysn\nd62B+qlq2WpDfVdou1bJC1E9KgY5iAS4W0mh0WQpee+TxiKtC7RvNw==\n-----END RSA PRIVATE KEY-----\n",
            "public_key_fingerprint_md5": "04:88:6f:b2:85:40:8b:31:c3:3d:d5:4b:ac:f4:3e:e2",
            "public_key_openssh": "ssh-rsa AAAAB3NzaC1yc2EAAAADAQABAAABAQDLex+lNW2NfLGej8vGjc8kzzn6wXAKwYtIQOph/gn+Hy7IpHi7TsZv2p1A99NVnl6x+kOAiyuZPRSx1RiUhZKDwDs6jq67obKJk9PgqGeSNZNbq8mUZO2Niiu9khYya3r7Bvgo5pzz1RoiTrMOqolj73iLMuMIPJ90fcfTI96TCy1wG0qB98VeJcX6+RV4xCw1jXCUFO89kJLanYmHAKpp9CN5OHzcZsbaV6TxLa68LA2iuwofjuGNLCKMZPgDOSs5y87H/E5ConhCwRlZqQe3Z0laHl0tcX5sigE40MF6tCqLz6S2LwPVyGfEtv+PX361gT6awxNaI25OvaRtjogt\n",
            "public_key_pem": "-----BEGIN PUBLIC KEY-----\nMIIBIjANBgkqhkiG9w0BAQEFAAOCAQ8AMIIBCgKCAQEAy3sfpTVtjXyxno/Lxo3P\nJM85+sFwCsGLSEDqYf4J/h8uyKR4u07Gb9qdQPfTVZ5esfpDgIsrmT0UsdUYlIWS\ng8A7Oo6uu6GyiZPT4KhnkjWTW6vJlGTtjYorvZIWMmt6+wb4KOac89UaIk6zDqqJ\nY+94izLjCDyfdH3H0yPekwstcBtKgffFXiXF+vkVeMQsNY1wlBTvPZCS2p2JhwCq\nafQjeTh83GbG2lek8S2uvCwNorsKH47hjSwijGT4AzkrOcvOx/xOQqJ4QsEZWakH\nt2dJWh5dLXF+bIoBONDBerQqi8+kti8D1chnxLb/j19+tYE+msMTWiNuTr2kbY6I\nLQIDAQAB\n-----END PUBLIC KEY-----\n",
            "rsa_bits": 2048
          },
          "sensitive_attributes": [],
          "private": "bnVsbA=="
        }
      ]
    },
    {
      "module": "module.key_pair",
      "mode": "managed",
      "type": "aws_key_pair",
      "name": "this",
      "provider": "provider[\"registry.terraform.io/hashicorp/aws\"]",
      "instances": [
        {
          "index_key": 0,
          "schema_version": 1,
          "attributes": {
            "arn": "arn:aws:ec2:ap-south-1:151439720941:key-pair/Apache",
            "fingerprint": "62:60:9b:f1:c0:08:10:7b:1e:93:21:32:a6:cc:ed:83",
            "id": "Apache",
            "key_name": "Apache",
            "key_name_prefix": "",
            "key_pair_id": "key-0d4163958f9e55ba9",
            "public_key": "ssh-rsa AAAAB3NzaC1yc2EAAAADAQABAAABAQDLex+lNW2NfLGej8vGjc8kzzn6wXAKwYtIQOph/gn+Hy7IpHi7TsZv2p1A99NVnl6x+kOAiyuZPRSx1RiUhZKDwDs6jq67obKJk9PgqGeSNZNbq8mUZO2Niiu9khYya3r7Bvgo5pzz1RoiTrMOqolj73iLMuMIPJ90fcfTI96TCy1wG0qB98VeJcX6+RV4xCw1jXCUFO89kJLanYmHAKpp9CN5OHzcZsbaV6TxLa68LA2iuwofjuGNLCKMZPgDOSs5y87H/E5ConhCwRlZqQe3Z0laHl0tcX5sigE40MF6tCqLz6S2LwPVyGfEtv+PX361gT6awxNaI25OvaRtjogt",
            "tags": {},
            "tags_all": {}
          },
          "sensitive_attributes": [],
          "private": "eyJzY2hlbWFfdmVyc2lvbiI6IjEifQ==",
          "dependencies": [
            "tls_private_key.this"
          ]
        }
      ]
    }
  ]
}
